
Microsoft Visual Studio Solution File, Format Version 12.00
# Visual Studio Version 17
VisualStudioVersion = 17.7.34024.191
MinimumVisualStudioVersion = 10.0.40219.1
Project("{888888A0-9F3D-457C-B088-3A5042F75D52}") = "task-1.3", "task-1.3\task-1.3.pyproj", "{2EC5DA7B-2269-4536-9B0E-1F236542FBCE}"
EndProject
Global
	GlobalSection(SolutionConfigurationPlatforms) = preSolution
		Debug|Any CPU = Debug|Any CPU
		Release|Any CPU = Release|Any CPU
	EndGlobalSection
	GlobalSection(ProjectConfigurationPlatforms) = postSolution
		{2EC5DA7B-2269-4536-9B0E-1F236542FBCE}.Debug|Any CPU.ActiveCfg = Debug|Any CPU
		{2EC5DA7B-2269-4536-9B0E-1F236542FBCE}.Release|Any CPU.ActiveCfg = Release|Any CPU
	EndGlobalSection
	GlobalSection(SolutionProperties) = preSolution
		HideSolutionNode = FALSE
	EndGlobalSection
	GlobalSection(ExtensibilityGlobals) = postSolution
		SolutionGuid = {2E883833-52BA-441D-894B-462F1E4A0DF6}
	EndGlobalSection
EndGlobal
